
Microsoft Visual Studio Solution File, Format Version 12.00
# Visual Studio Version 17
VisualStudioVersion = 17.13.35825.156
MinimumVisualStudioVersion = 10.0.40219.1
Project("{FAE04EC0-301F-11D3-BF4B-00C04F79EFBC}") = "ClientBizFlow-attemp-1", "ClientBizFlow-attemp-1.csproj", "{A7FFB5FD-4A32-4CEC-A3A2-C5D70DC1EA36}"
	ProjectSection(ProjectDependencies) = postProject
		{1374BEA7-C3C5-98A9-ADC0-FBD71EDD15B6} = {1374BEA7-C3C5-98A9-ADC0-FBD71EDD15B6}
	EndProjectSection
EndProject
Project("{FAE04EC0-301F-11D3-BF4B-00C04F79EFBC}") = "BizFlow.Core", "..\BizFlow\src\BizFlow.Core\BizFlow.Core.csproj", "{1374BEA7-C3C5-98A9-ADC0-FBD71EDD15B6}"
EndProject
Global
	GlobalSection(SolutionConfigurationPlatforms) = preSolution
		Debug|Any CPU = Debug|Any CPU
		Release|Any CPU = Release|Any CPU
	EndGlobalSection
	GlobalSection(ProjectConfigurationPlatforms) = postSolution
		{A7FFB5FD-4A32-4CEC-A3A2-C5D70DC1EA36}.Debug|Any CPU.ActiveCfg = Debug|Any CPU
		{A7FFB5FD-4A32-4CEC-A3A2-C5D70DC1EA36}.Debug|Any CPU.Build.0 = Debug|Any CPU
		{A7FFB5FD-4A32-4CEC-A3A2-C5D70DC1EA36}.Release|Any CPU.ActiveCfg = Release|Any CPU
		{A7FFB5FD-4A32-4CEC-A3A2-C5D70DC1EA36}.Release|Any CPU.Build.0 = Release|Any CPU
		{1374BEA7-C3C5-98A9-ADC0-FBD71EDD15B6}.Debug|Any CPU.ActiveCfg = Debug|Any CPU
		{1374BEA7-C3C5-98A9-ADC0-FBD71EDD15B6}.Debug|Any CPU.Build.0 = Debug|Any CPU
		{1374BEA7-C3C5-98A9-ADC0-FBD71EDD15B6}.Release|Any CPU.ActiveCfg = Release|Any CPU
		{1374BEA7-C3C5-98A9-ADC0-FBD71EDD15B6}.Release|Any CPU.Build.0 = Release|Any CPU
	EndGlobalSection
	GlobalSection(SolutionProperties) = preSolution
		HideSolutionNode = FALSE
	EndGlobalSection
	GlobalSection(ExtensibilityGlobals) = postSolution
		SolutionGuid = {48ECFDD5-8A9B-4DE6-880D-FBEEF45415CB}
	EndGlobalSection
EndGlobal
